<Solution>
  <Project Path="AgenteAccion/AgenteAccion.csproj" />
  <Project Path="AgenteEnrutador/AgenteEnrutador.csproj" />
  <Project Path="AgenteEntrada/AgenteEntrada.csproj" />
  <Project Path="AgenteOrquestador/AgenteOrquestador.csproj" />
  <Project Path="McpServer/McpServer.csproj" />
</Solution>
